
Microsoft Visual Studio Solution File, Format Version 12.00
# Visual Studio Version 16
VisualStudioVersion = 16.0.31229.75
MinimumVisualStudioVersion = 10.0.40219.1
Project("{9A19103F-16F7-4668-BE54-9A1E7A4F7556}") = "DiscordBot", "DiscordBot\DiscordBot.csproj", "{B0945A7E-266F-4450-90D3-D72C2DE992B6}"
EndProject
Project("{9A19103F-16F7-4668-BE54-9A1E7A4F7556}") = "DataAccessLayer", "DataAccessLayer\DataAccessLayer.csproj", "{B03B7445-0E0C-4900-BA73-B5B062F0D113}"
EndProject
Project("{FAE04EC0-301F-11D3-BF4B-00C04F79EFBC}") = "AuthenticationServer", "AuthenticationServer\AuthenticationServer.csproj", "{E0F711A9-95A9-49DA-8C91-2919B9E2688B}"
EndProject
Global
	GlobalSection(SolutionConfigurationPlatforms) = preSolution
		Debug|Any CPU = Debug|Any CPU
		Release|Any CPU = Release|Any CPU
	EndGlobalSection
	GlobalSection(ProjectConfigurationPlatforms) = postSolution
		{B0945A7E-266F-4450-90D3-D72C2DE992B6}.Debug|Any CPU.ActiveCfg = Debug|Any CPU
		{B0945A7E-266F-4450-90D3-D72C2DE992B6}.Debug|Any CPU.Build.0 = Debug|Any CPU
		{B0945A7E-266F-4450-90D3-D72C2DE992B6}.Release|Any CPU.ActiveCfg = Release|Any CPU
		{B0945A7E-266F-4450-90D3-D72C2DE992B6}.Release|Any CPU.Build.0 = Release|Any CPU
		{B03B7445-0E0C-4900-BA73-B5B062F0D113}.Debug|Any CPU.ActiveCfg = Debug|Any CPU
		{B03B7445-0E0C-4900-BA73-B5B062F0D113}.Debug|Any CPU.Build.0 = Debug|Any CPU
		{B03B7445-0E0C-4900-BA73-B5B062F0D113}.Release|Any CPU.ActiveCfg = Release|Any CPU
		{B03B7445-0E0C-4900-BA73-B5B062F0D113}.Release|Any CPU.Build.0 = Release|Any CPU
		{E0F711A9-95A9-49DA-8C91-2919B9E2688B}.Debug|Any CPU.ActiveCfg = Debug|Any CPU
		{E0F711A9-95A9-49DA-8C91-2919B9E2688B}.Debug|Any CPU.Build.0 = Debug|Any CPU
		{E0F711A9-95A9-49DA-8C91-2919B9E2688B}.Release|Any CPU.ActiveCfg = Release|Any CPU
		{E0F711A9-95A9-49DA-8C91-2919B9E2688B}.Release|Any CPU.Build.0 = Release|Any CPU
	EndGlobalSection
	GlobalSection(SolutionProperties) = preSolution
		HideSolutionNode = FALSE
	EndGlobalSection
	GlobalSection(ExtensibilityGlobals) = postSolution
		SolutionGuid = {211DC584-EAAF-4665-9EFF-9249CEAF3F63}
	EndGlobalSection
EndGlobal
